
Microsoft Visual Studio Solution File, Format Version 12.00
# Visual Studio Version 16
VisualStudioVersion = 16.0.32802.440
MinimumVisualStudioVersion = 10.0.40219.1
Project("{FAE04EC0-301F-11D3-BF4B-00C04F79EFBC}") = "Assignment3.SoniDisa", "Assignment3.SoniDisa\Assignment3.SoniDisa.csproj", "{A8B80426-3AF3-498C-9B58-EE67F06E1DDD}"
EndProject
Project("{2150E333-8FDC-42A3-9474-1A3956D46DE8}") = "Solution Items", "Solution Items", "{2D521B29-A9B7-4B01-A6D3-800AC5CCC571}"
	ProjectSection(SolutionItems) = preProject
		.editorconfig = .editorconfig
	EndProjectSection
EndProject
Global
	GlobalSection(SolutionConfigurationPlatforms) = preSolution
		Debug|Any CPU = Debug|Any CPU
		Release|Any CPU = Release|Any CPU
	EndGlobalSection
	GlobalSection(ProjectConfigurationPlatforms) = postSolution
		{A8B80426-3AF3-498C-9B58-EE67F06E1DDD}.Debug|Any CPU.ActiveCfg = Debug|Any CPU
		{A8B80426-3AF3-498C-9B58-EE67F06E1DDD}.Debug|Any CPU.Build.0 = Debug|Any CPU
		{A8B80426-3AF3-498C-9B58-EE67F06E1DDD}.Release|Any CPU.ActiveCfg = Release|Any CPU
		{A8B80426-3AF3-498C-9B58-EE67F06E1DDD}.Release|Any CPU.Build.0 = Release|Any CPU
	EndGlobalSection
	GlobalSection(SolutionProperties) = preSolution
		HideSolutionNode = FALSE
	EndGlobalSection
	GlobalSection(ExtensibilityGlobals) = postSolution
		SolutionGuid = {EC148F0F-E5A6-4AC8-8AC5-4BBF4EBAF620}
	EndGlobalSection
EndGlobal
